
Microsoft Visual Studio Solution File, Format Version 12.00
# Visual Studio Version 17
VisualStudioVersion = 17.4.33205.214
MinimumVisualStudioVersion = 10.0.40219.1
Project("{9A19103F-16F7-4668-BE54-9A1E7A4F7556}") = "AverageFibonacci", "AverageFibonacci\AverageFibonacci.csproj", "{C4FB68A2-9A2E-4729-ABE5-2DB602018465}"
EndProject
Project("{9A19103F-16F7-4668-BE54-9A1E7A4F7556}") = "DrawTriangle", "DrawTriangle\DrawTriangle.csproj", "{3DF04DB1-CAC9-455C-944E-7AC8B531DA51}"
EndProject
Project("{9A19103F-16F7-4668-BE54-9A1E7A4F7556}") = "DrawCircle", "DrawCircle\DrawCircle.csproj", "{F8755EDF-E7C5-4951-BF16-B2A5D4495D5C}"
EndProject
Project("{9A19103F-16F7-4668-BE54-9A1E7A4F7556}") = "Algorithm-DeleteIndexOf", "Algorithm-DeleteIndexOf\Algorithm-DeleteIndexOf.csproj", "{0D357E89-9796-4C60-806B-0BBB2B662BB8}"
EndProject
Project("{9A19103F-16F7-4668-BE54-9A1E7A4F7556}") = "Algorithm-StringReverse", "Algorithm-StringReverse\Algorithm-StringReverse.csproj", "{EE58F57F-287F-4A4B-AF6D-0B3A589A7571}"
EndProject
Project("{FAE04EC0-301F-11D3-BF4B-00C04F79EFBC}") = "AreaCalculation", "AreaCalculation\AreaCalculation.csproj", "{F19D9B59-5F2E-493F-ACD5-0D1DF0BC0747}"
EndProject
Project("{FAE04EC0-301F-11D3-BF4B-00C04F79EFBC}") = "SumOfIntegerBinaries", "SumOfIntegerBinaries\SumOfIntegerBinaries.csproj", "{18CEB8F5-1046-4F65-99A5-0B959A299633}"
EndProject
Project("{FAE04EC0-301F-11D3-BF4B-00C04F79EFBC}") = "AbsoluteSquaring", "AbsoluteSquaring\AbsoluteSquaring.csproj", "{93013D88-35C2-4676-99F8-675B1E752701}"
EndProject
Global
	GlobalSection(SolutionConfigurationPlatforms) = preSolution
		Debug|Any CPU = Debug|Any CPU
		Release|Any CPU = Release|Any CPU
	EndGlobalSection
	GlobalSection(ProjectConfigurationPlatforms) = postSolution
		{C4FB68A2-9A2E-4729-ABE5-2DB602018465}.Debug|Any CPU.ActiveCfg = Debug|Any CPU
		{C4FB68A2-9A2E-4729-ABE5-2DB602018465}.Debug|Any CPU.Build.0 = Debug|Any CPU
		{C4FB68A2-9A2E-4729-ABE5-2DB602018465}.Release|Any CPU.ActiveCfg = Release|Any CPU
		{C4FB68A2-9A2E-4729-ABE5-2DB602018465}.Release|Any CPU.Build.0 = Release|Any CPU
		{3DF04DB1-CAC9-455C-944E-7AC8B531DA51}.Debug|Any CPU.ActiveCfg = Debug|Any CPU
		{3DF04DB1-CAC9-455C-944E-7AC8B531DA51}.Debug|Any CPU.Build.0 = Debug|Any CPU
		{3DF04DB1-CAC9-455C-944E-7AC8B531DA51}.Release|Any CPU.ActiveCfg = Release|Any CPU
		{3DF04DB1-CAC9-455C-944E-7AC8B531DA51}.Release|Any CPU.Build.0 = Release|Any CPU
		{F8755EDF-E7C5-4951-BF16-B2A5D4495D5C}.Debug|Any CPU.ActiveCfg = Debug|Any CPU
		{F8755EDF-E7C5-4951-BF16-B2A5D4495D5C}.Debug|Any CPU.Build.0 = Debug|Any CPU
		{F8755EDF-E7C5-4951-BF16-B2A5D4495D5C}.Release|Any CPU.ActiveCfg = Release|Any CPU
		{F8755EDF-E7C5-4951-BF16-B2A5D4495D5C}.Release|Any CPU.Build.0 = Release|Any CPU
		{0D357E89-9796-4C60-806B-0BBB2B662BB8}.Debug|Any CPU.ActiveCfg = Debug|Any CPU
		{0D357E89-9796-4C60-806B-0BBB2B662BB8}.Debug|Any CPU.Build.0 = Debug|Any CPU
		{0D357E89-9796-4C60-806B-0BBB2B662BB8}.Release|Any CPU.ActiveCfg = Release|Any CPU
		{0D357E89-9796-4C60-806B-0BBB2B662BB8}.Release|Any CPU.Build.0 = Release|Any CPU
		{EE58F57F-287F-4A4B-AF6D-0B3A589A7571}.Debug|Any CPU.ActiveCfg = Debug|Any CPU
		{EE58F57F-287F-4A4B-AF6D-0B3A589A7571}.Debug|Any CPU.Build.0 = Debug|Any CPU
		{EE58F57F-287F-4A4B-AF6D-0B3A589A7571}.Release|Any CPU.ActiveCfg = Release|Any CPU
		{EE58F57F-287F-4A4B-AF6D-0B3A589A7571}.Release|Any CPU.Build.0 = Release|Any CPU
		{F19D9B59-5F2E-493F-ACD5-0D1DF0BC0747}.Debug|Any CPU.ActiveCfg = Debug|Any CPU
		{F19D9B59-5F2E-493F-ACD5-0D1DF0BC0747}.Debug|Any CPU.Build.0 = Debug|Any CPU
		{F19D9B59-5F2E-493F-ACD5-0D1DF0BC0747}.Release|Any CPU.ActiveCfg = Release|Any CPU
		{F19D9B59-5F2E-493F-ACD5-0D1DF0BC0747}.Release|Any CPU.Build.0 = Release|Any CPU
		{18CEB8F5-1046-4F65-99A5-0B959A299633}.Debug|Any CPU.ActiveCfg = Debug|Any CPU
		{18CEB8F5-1046-4F65-99A5-0B959A299633}.Debug|Any CPU.Build.0 = Debug|Any CPU
		{18CEB8F5-1046-4F65-99A5-0B959A299633}.Release|Any CPU.ActiveCfg = Release|Any CPU
		{18CEB8F5-1046-4F65-99A5-0B959A299633}.Release|Any CPU.Build.0 = Release|Any CPU
		{93013D88-35C2-4676-99F8-675B1E752701}.Debug|Any CPU.ActiveCfg = Debug|Any CPU
		{93013D88-35C2-4676-99F8-675B1E752701}.Debug|Any CPU.Build.0 = Debug|Any CPU
		{93013D88-35C2-4676-99F8-675B1E752701}.Release|Any CPU.ActiveCfg = Release|Any CPU
		{93013D88-35C2-4676-99F8-675B1E752701}.Release|Any CPU.Build.0 = Release|Any CPU
	EndGlobalSection
	GlobalSection(SolutionProperties) = preSolution
		HideSolutionNode = FALSE
	EndGlobalSection
	GlobalSection(ExtensibilityGlobals) = postSolution
		SolutionGuid = {BA69D46F-DD80-4719-B296-0E766FE4FB84}
	EndGlobalSection
EndGlobal
